
Microsoft Visual Studio Solution File, Format Version 12.00
# Visual Studio 2012
Project("{FAE04EC0-301F-11D3-BF4B-00C04F79EFBC}") = "CourseRegistrationSystem", "CourseRegistrationSystem.csproj", "{3814D6FA-B021-4214-9A3B-5CC33A13C238}"
EndProject
Global
	GlobalSection(SolutionConfigurationPlatforms) = preSolution
		Debug|Any CPU = Debug|Any CPU
		Release|Any CPU = Release|Any CPU
	EndGlobalSection
	GlobalSection(ProjectConfigurationPlatforms) = postSolution
		{3814D6FA-B021-4214-9A3B-5CC33A13C238}.Debug|Any CPU.ActiveCfg = Debug|Any CPU
		{3814D6FA-B021-4214-9A3B-5CC33A13C238}.Debug|Any CPU.Build.0 = Debug|Any CPU
		{3814D6FA-B021-4214-9A3B-5CC33A13C238}.Release|Any CPU.ActiveCfg = Release|Any CPU
		{3814D6FA-B021-4214-9A3B-5CC33A13C238}.Release|Any CPU.Build.0 = Release|Any CPU
	EndGlobalSection
	GlobalSection(SolutionProperties) = preSolution
		HideSolutionNode = FALSE
	EndGlobalSection
	GlobalSection(Performance) = preSolution
		HasPerformanceSessions = true
	EndGlobalSection
EndGlobal
